
Microsoft Visual Studio Solution File, Format Version 12.00
# Visual Studio Version 17
VisualStudioVersion = 17.0.31919.166
MinimumVisualStudioVersion = 10.0.40219.1
Project("{8BC9CEB8-8B4A-11D0-8D11-00A0C91BC942}") = "Bracket_Sequence", "Bracket_Sequence.vcxproj", "{76C08F82-C362-467A-8A29-CD9D78FEAE05}"
EndProject
Global
	GlobalSection(SolutionConfigurationPlatforms) = preSolution
		Debug|x64 = Debug|x64
		Debug|x86 = Debug|x86
		Release|x64 = Release|x64
		Release|x86 = Release|x86
	EndGlobalSection
	GlobalSection(ProjectConfigurationPlatforms) = postSolution
		{76C08F82-C362-467A-8A29-CD9D78FEAE05}.Debug|x64.ActiveCfg = Debug|x64
		{76C08F82-C362-467A-8A29-CD9D78FEAE05}.Debug|x64.Build.0 = Debug|x64
		{76C08F82-C362-467A-8A29-CD9D78FEAE05}.Debug|x86.ActiveCfg = Debug|Win32
		{76C08F82-C362-467A-8A29-CD9D78FEAE05}.Debug|x86.Build.0 = Debug|Win32
		{76C08F82-C362-467A-8A29-CD9D78FEAE05}.Release|x64.ActiveCfg = Release|x64
		{76C08F82-C362-467A-8A29-CD9D78FEAE05}.Release|x64.Build.0 = Release|x64
		{76C08F82-C362-467A-8A29-CD9D78FEAE05}.Release|x86.ActiveCfg = Release|Win32
		{76C08F82-C362-467A-8A29-CD9D78FEAE05}.Release|x86.Build.0 = Release|Win32
	EndGlobalSection
	GlobalSection(SolutionProperties) = preSolution
		HideSolutionNode = FALSE
	EndGlobalSection
	GlobalSection(ExtensibilityGlobals) = postSolution
		SolutionGuid = {60CC786A-D438-4EC3-BF92-4B71D1EFC33F}
	EndGlobalSection
EndGlobal
